
Microsoft Visual Studio Solution File, Format Version 12.00
# Visual Studio Version 17
VisualStudioVersion = 17.6.33829.357
MinimumVisualStudioVersion = 10.0.40219.1
Project("{FAE04EC0-301F-11D3-BF4B-00C04F79EFBC}") = "Lanchonete_AVD2", "Lanchonete_AVD2\Lanchonete_AVD2.csproj", "{B6B23869-EBF4-4D3C-98A2-EA467D553F9A}"
EndProject
Project("{FAE04EC0-301F-11D3-BF4B-00C04F79EFBC}") = "TestLanchonete", "TestLanchonete\TestLanchonete.csproj", "{3E6A683B-97E7-4564-99C7-FC135D690B64}"
EndProject
Global
	GlobalSection(SolutionConfigurationPlatforms) = preSolution
		Debug|Any CPU = Debug|Any CPU
		Release|Any CPU = Release|Any CPU
	EndGlobalSection
	GlobalSection(ProjectConfigurationPlatforms) = postSolution
		{B6B23869-EBF4-4D3C-98A2-EA467D553F9A}.Debug|Any CPU.ActiveCfg = Debug|Any CPU
		{B6B23869-EBF4-4D3C-98A2-EA467D553F9A}.Debug|Any CPU.Build.0 = Debug|Any CPU
		{B6B23869-EBF4-4D3C-98A2-EA467D553F9A}.Release|Any CPU.ActiveCfg = Release|Any CPU
		{B6B23869-EBF4-4D3C-98A2-EA467D553F9A}.Release|Any CPU.Build.0 = Release|Any CPU
		{3E6A683B-97E7-4564-99C7-FC135D690B64}.Debug|Any CPU.ActiveCfg = Debug|Any CPU
		{3E6A683B-97E7-4564-99C7-FC135D690B64}.Debug|Any CPU.Build.0 = Debug|Any CPU
		{3E6A683B-97E7-4564-99C7-FC135D690B64}.Release|Any CPU.ActiveCfg = Release|Any CPU
		{3E6A683B-97E7-4564-99C7-FC135D690B64}.Release|Any CPU.Build.0 = Release|Any CPU
	EndGlobalSection
	GlobalSection(SolutionProperties) = preSolution
		HideSolutionNode = FALSE
	EndGlobalSection
	GlobalSection(ExtensibilityGlobals) = postSolution
		SolutionGuid = {57279705-B24D-47C6-B749-1064FB1C6864}
	EndGlobalSection
EndGlobal
